
Microsoft Visual Studio Solution File, Format Version 12.00
# Visual Studio Version 17
VisualStudioVersion = 17.5.33414.496
MinimumVisualStudioVersion = 10.0.40219.1
Project("{FAE04EC0-301F-11D3-BF4B-00C04F79EFBC}") = "ManipulandoStrings", "ManipulandoStrings\ManipulandoStrings.csproj", "{6E0F8A79-629B-4C96-8223-63AAB15AA871}"
EndProject
Global
	GlobalSection(SolutionConfigurationPlatforms) = preSolution
		Debug|Any CPU = Debug|Any CPU
		Release|Any CPU = Release|Any CPU
	EndGlobalSection
	GlobalSection(ProjectConfigurationPlatforms) = postSolution
		{6E0F8A79-629B-4C96-8223-63AAB15AA871}.Debug|Any CPU.ActiveCfg = Debug|Any CPU
		{6E0F8A79-629B-4C96-8223-63AAB15AA871}.Debug|Any CPU.Build.0 = Debug|Any CPU
		{6E0F8A79-629B-4C96-8223-63AAB15AA871}.Release|Any CPU.ActiveCfg = Release|Any CPU
		{6E0F8A79-629B-4C96-8223-63AAB15AA871}.Release|Any CPU.Build.0 = Release|Any CPU
	EndGlobalSection
	GlobalSection(SolutionProperties) = preSolution
		HideSolutionNode = FALSE
	EndGlobalSection
	GlobalSection(ExtensibilityGlobals) = postSolution
		SolutionGuid = {18D510B4-EF96-4100-ABA4-3900E0D75F4B}
	EndGlobalSection
EndGlobal
